
Microsoft Visual Studio Solution File, Format Version 12.00
# Visual Studio Version 17
VisualStudioVersion = 17.7.34031.279
MinimumVisualStudioVersion = 10.0.40219.1
Project("{FAE04EC0-301F-11D3-BF4B-00C04F79EFBC}") = "PokemonReviewApp", "PokemonReviewApp\PokemonReviewApp.csproj", "{EE450FEF-CBDB-40DF-B414-52AD4F67A870}"
EndProject
Global
	GlobalSection(SolutionConfigurationPlatforms) = preSolution
		Debug|Any CPU = Debug|Any CPU
		Release|Any CPU = Release|Any CPU
	EndGlobalSection
	GlobalSection(ProjectConfigurationPlatforms) = postSolution
		{EE450FEF-CBDB-40DF-B414-52AD4F67A870}.Debug|Any CPU.ActiveCfg = Debug|Any CPU
		{EE450FEF-CBDB-40DF-B414-52AD4F67A870}.Debug|Any CPU.Build.0 = Debug|Any CPU
		{EE450FEF-CBDB-40DF-B414-52AD4F67A870}.Release|Any CPU.ActiveCfg = Release|Any CPU
		{EE450FEF-CBDB-40DF-B414-52AD4F67A870}.Release|Any CPU.Build.0 = Release|Any CPU
	EndGlobalSection
	GlobalSection(SolutionProperties) = preSolution
		HideSolutionNode = FALSE
	EndGlobalSection
	GlobalSection(ExtensibilityGlobals) = postSolution
		SolutionGuid = {86F0E4BB-1F05-4B40-91EB-62A0AE612A3D}
	EndGlobalSection
EndGlobal
